
Microsoft Visual Studio Solution File, Format Version 12.00
# Visual Studio Version 17
VisualStudioVersion = 17.3.32929.385
MinimumVisualStudioVersion = 10.0.40219.1
Project("{FAE04EC0-301F-11D3-BF4B-00C04F79EFBC}") = "WebApplication3", "WebApplication3.csproj", "{DFF15A57-AB67-419A-A1F0-0876CA857C8C}"
EndProject
Global
	GlobalSection(SolutionConfigurationPlatforms) = preSolution
		Debug|Any CPU = Debug|Any CPU
		Release|Any CPU = Release|Any CPU
	EndGlobalSection
	GlobalSection(ProjectConfigurationPlatforms) = postSolution
		{DFF15A57-AB67-419A-A1F0-0876CA857C8C}.Debug|Any CPU.ActiveCfg = Debug|Any CPU
		{DFF15A57-AB67-419A-A1F0-0876CA857C8C}.Debug|Any CPU.Build.0 = Debug|Any CPU
		{DFF15A57-AB67-419A-A1F0-0876CA857C8C}.Release|Any CPU.ActiveCfg = Release|Any CPU
		{DFF15A57-AB67-419A-A1F0-0876CA857C8C}.Release|Any CPU.Build.0 = Release|Any CPU
	EndGlobalSection
	GlobalSection(SolutionProperties) = preSolution
		HideSolutionNode = FALSE
	EndGlobalSection
	GlobalSection(ExtensibilityGlobals) = postSolution
		SolutionGuid = {6A7AA8A1-418D-473C-91D1-1BC0382061B6}
	EndGlobalSection
EndGlobal
